
Microsoft Visual Studio Solution File, Format Version 12.00
# Visual Studio Version 17
VisualStudioVersion = 17.6.33815.320
MinimumVisualStudioVersion = 10.0.40219.1
Project("{2150E333-8FDC-42A3-9474-1A3956D46DE8}") = "SRC", "SRC", "{126DE2EF-538B-4EFA-AFD3-C426E9D0D3A8}"
EndProject
Project("{2150E333-8FDC-42A3-9474-1A3956D46DE8}") = "00.Packages", "00.Packages", "{099772D0-F9CA-4E7D-9519-8D641E60AF11}"
EndProject
Project("{2150E333-8FDC-42A3-9474-1A3956D46DE8}") = "01.Core", "01.Core", "{2B8EC436-6EA1-42FF-A923-B2D5469BDA4D}"
EndProject
Project("{2150E333-8FDC-42A3-9474-1A3956D46DE8}") = "02.Infrastructure", "02.Infrastructure", "{59B6BFE4-8AB5-42A6-A1B8-45184827792C}"
EndProject
Project("{2150E333-8FDC-42A3-9474-1A3956D46DE8}") = "03.Presentation", "03.Presentation", "{1FA1A86D-B313-4794-B063-CCADF7C6FA1F}"
EndProject
Project("{FAE04EC0-301F-11D3-BF4B-00C04F79EFBC}") = "Library.Entities", "SRC\Library.Entities\Library.Entities.csproj", "{D893797B-82B9-437E-BEB4-4CDA8B61F49F}"
EndProject
Project("{FAE04EC0-301F-11D3-BF4B-00C04F79EFBC}") = "Library.Services", "SRC\Library.Services\Library.Services.csproj", "{32C26854-83D2-4625-8EB3-EB47F0E83CAD}"
EndProject
Project("{FAE04EC0-301F-11D3-BF4B-00C04F79EFBC}") = "Library.Infrastructures", "SRC\Library.Infrastructures\Library.Infrastructures.csproj", "{DE50A92A-63CB-458A-B7DB-228F04C030A6}"
EndProject
Project("{FAE04EC0-301F-11D3-BF4B-00C04F79EFBC}") = "Library.Migrations", "SRC\Library.Migrations\Library.Migrations.csproj", "{3882FF82-07AD-42EA-A6FB-BA68CA67E444}"
EndProject
Project("{FAE04EC0-301F-11D3-BF4B-00C04F79EFBC}") = "Library.Persistence.EF", "SRC\Library.Persistence.EF\Library.Persistence.EF.csproj", "{60E09E90-F606-41D8-8617-0D1251793D8E}"
EndProject
Project("{FAE04EC0-301F-11D3-BF4B-00C04F79EFBC}") = "Library.RestApi", "SRC\Library.RestApi\Library.RestApi.csproj", "{0F70A3FC-45E1-4942-930F-320AB433282A}"
EndProject
Project("{FAE04EC0-301F-11D3-BF4B-00C04F79EFBC}") = "Tavv.Contract", "SRC\Tavv.Contract\Tavv.Contract.csproj", "{33B9B8CD-8A79-4777-A4D4-63A250FFF27D}"
EndProject
Global
	GlobalSection(SolutionConfigurationPlatforms) = preSolution
		Debug|Any CPU = Debug|Any CPU
		Release|Any CPU = Release|Any CPU
	EndGlobalSection
	GlobalSection(ProjectConfigurationPlatforms) = postSolution
		{D893797B-82B9-437E-BEB4-4CDA8B61F49F}.Debug|Any CPU.ActiveCfg = Debug|Any CPU
		{D893797B-82B9-437E-BEB4-4CDA8B61F49F}.Debug|Any CPU.Build.0 = Debug|Any CPU
		{D893797B-82B9-437E-BEB4-4CDA8B61F49F}.Release|Any CPU.ActiveCfg = Release|Any CPU
		{D893797B-82B9-437E-BEB4-4CDA8B61F49F}.Release|Any CPU.Build.0 = Release|Any CPU
		{32C26854-83D2-4625-8EB3-EB47F0E83CAD}.Debug|Any CPU.ActiveCfg = Debug|Any CPU
		{32C26854-83D2-4625-8EB3-EB47F0E83CAD}.Debug|Any CPU.Build.0 = Debug|Any CPU
		{32C26854-83D2-4625-8EB3-EB47F0E83CAD}.Release|Any CPU.ActiveCfg = Release|Any CPU
		{32C26854-83D2-4625-8EB3-EB47F0E83CAD}.Release|Any CPU.Build.0 = Release|Any CPU
		{DE50A92A-63CB-458A-B7DB-228F04C030A6}.Debug|Any CPU.ActiveCfg = Debug|Any CPU
		{DE50A92A-63CB-458A-B7DB-228F04C030A6}.Debug|Any CPU.Build.0 = Debug|Any CPU
		{DE50A92A-63CB-458A-B7DB-228F04C030A6}.Release|Any CPU.ActiveCfg = Release|Any CPU
		{DE50A92A-63CB-458A-B7DB-228F04C030A6}.Release|Any CPU.Build.0 = Release|Any CPU
		{3882FF82-07AD-42EA-A6FB-BA68CA67E444}.Debug|Any CPU.ActiveCfg = Debug|Any CPU
		{3882FF82-07AD-42EA-A6FB-BA68CA67E444}.Debug|Any CPU.Build.0 = Debug|Any CPU
		{3882FF82-07AD-42EA-A6FB-BA68CA67E444}.Release|Any CPU.ActiveCfg = Release|Any CPU
		{3882FF82-07AD-42EA-A6FB-BA68CA67E444}.Release|Any CPU.Build.0 = Release|Any CPU
		{60E09E90-F606-41D8-8617-0D1251793D8E}.Debug|Any CPU.ActiveCfg = Debug|Any CPU
		{60E09E90-F606-41D8-8617-0D1251793D8E}.Debug|Any CPU.Build.0 = Debug|Any CPU
		{60E09E90-F606-41D8-8617-0D1251793D8E}.Release|Any CPU.ActiveCfg = Release|Any CPU
		{60E09E90-F606-41D8-8617-0D1251793D8E}.Release|Any CPU.Build.0 = Release|Any CPU
		{0F70A3FC-45E1-4942-930F-320AB433282A}.Debug|Any CPU.ActiveCfg = Debug|Any CPU
		{0F70A3FC-45E1-4942-930F-320AB433282A}.Debug|Any CPU.Build.0 = Debug|Any CPU
		{0F70A3FC-45E1-4942-930F-320AB433282A}.Release|Any CPU.ActiveCfg = Release|Any CPU
		{0F70A3FC-45E1-4942-930F-320AB433282A}.Release|Any CPU.Build.0 = Release|Any CPU
		{33B9B8CD-8A79-4777-A4D4-63A250FFF27D}.Debug|Any CPU.ActiveCfg = Debug|Any CPU
		{33B9B8CD-8A79-4777-A4D4-63A250FFF27D}.Debug|Any CPU.Build.0 = Debug|Any CPU
		{33B9B8CD-8A79-4777-A4D4-63A250FFF27D}.Release|Any CPU.ActiveCfg = Release|Any CPU
		{33B9B8CD-8A79-4777-A4D4-63A250FFF27D}.Release|Any CPU.Build.0 = Release|Any CPU
	EndGlobalSection
	GlobalSection(SolutionProperties) = preSolution
		HideSolutionNode = FALSE
	EndGlobalSection
	GlobalSection(NestedProjects) = preSolution
		{099772D0-F9CA-4E7D-9519-8D641E60AF11} = {126DE2EF-538B-4EFA-AFD3-C426E9D0D3A8}
		{2B8EC436-6EA1-42FF-A923-B2D5469BDA4D} = {126DE2EF-538B-4EFA-AFD3-C426E9D0D3A8}
		{59B6BFE4-8AB5-42A6-A1B8-45184827792C} = {126DE2EF-538B-4EFA-AFD3-C426E9D0D3A8}
		{1FA1A86D-B313-4794-B063-CCADF7C6FA1F} = {126DE2EF-538B-4EFA-AFD3-C426E9D0D3A8}
		{D893797B-82B9-437E-BEB4-4CDA8B61F49F} = {2B8EC436-6EA1-42FF-A923-B2D5469BDA4D}
		{32C26854-83D2-4625-8EB3-EB47F0E83CAD} = {2B8EC436-6EA1-42FF-A923-B2D5469BDA4D}
		{DE50A92A-63CB-458A-B7DB-228F04C030A6} = {59B6BFE4-8AB5-42A6-A1B8-45184827792C}
		{3882FF82-07AD-42EA-A6FB-BA68CA67E444} = {59B6BFE4-8AB5-42A6-A1B8-45184827792C}
		{60E09E90-F606-41D8-8617-0D1251793D8E} = {59B6BFE4-8AB5-42A6-A1B8-45184827792C}
		{0F70A3FC-45E1-4942-930F-320AB433282A} = {1FA1A86D-B313-4794-B063-CCADF7C6FA1F}
		{33B9B8CD-8A79-4777-A4D4-63A250FFF27D} = {099772D0-F9CA-4E7D-9519-8D641E60AF11}
	EndGlobalSection
	GlobalSection(ExtensibilityGlobals) = postSolution
		SolutionGuid = {B82F03A7-D307-4D09-90DB-FB3911A02C6C}
	EndGlobalSection
EndGlobal
